
Microsoft Visual Studio Solution File, Format Version 12.00
# Visual Studio Version 16
VisualStudioVersion = 16.0.32228.343
MinimumVisualStudioVersion = 10.0.40219.1
Project("{FAE04EC0-301F-11D3-BF4B-00C04F79EFBC}") = "WordleEngine2", "WordleEngine2\WordleEngine2.csproj", "{102AD4B3-9313-4E0F-BE9C-3D49B986EA09}"
EndProject
Global
	GlobalSection(SolutionConfigurationPlatforms) = preSolution
		Debug|Any CPU = Debug|Any CPU
		Release|Any CPU = Release|Any CPU
	EndGlobalSection
	GlobalSection(ProjectConfigurationPlatforms) = postSolution
		{102AD4B3-9313-4E0F-BE9C-3D49B986EA09}.Debug|Any CPU.ActiveCfg = Debug|Any CPU
		{102AD4B3-9313-4E0F-BE9C-3D49B986EA09}.Debug|Any CPU.Build.0 = Debug|Any CPU
		{102AD4B3-9313-4E0F-BE9C-3D49B986EA09}.Release|Any CPU.ActiveCfg = Release|Any CPU
		{102AD4B3-9313-4E0F-BE9C-3D49B986EA09}.Release|Any CPU.Build.0 = Release|Any CPU
	EndGlobalSection
	GlobalSection(SolutionProperties) = preSolution
		HideSolutionNode = FALSE
	EndGlobalSection
	GlobalSection(ExtensibilityGlobals) = postSolution
		SolutionGuid = {3619A45B-218A-4CEE-9B83-70BA308AE5AA}
	EndGlobalSection
EndGlobal
